
Microsoft Visual Studio Solution File, Format Version 12.00
# Visual Studio Version 16
VisualStudioVersion = 16.0.29709.97
MinimumVisualStudioVersion = 10.0.40219.1
Project("{FAE04EC0-301F-11D3-BF4B-00C04F79EFBC}") = "POS-System-FinalProject-Eadrian", "POS-System-FinalProject-Eadrian\POS-System-FinalProject-Eadrian.csproj", "{DC95CC26-7C6E-4035-98DF-BA26736F03B2}"
EndProject
Global
	GlobalSection(SolutionConfigurationPlatforms) = preSolution
		Debug|Any CPU = Debug|Any CPU
		Release|Any CPU = Release|Any CPU
	EndGlobalSection
	GlobalSection(ProjectConfigurationPlatforms) = postSolution
		{DC95CC26-7C6E-4035-98DF-BA26736F03B2}.Debug|Any CPU.ActiveCfg = Debug|Any CPU
		{DC95CC26-7C6E-4035-98DF-BA26736F03B2}.Debug|Any CPU.Build.0 = Debug|Any CPU
		{DC95CC26-7C6E-4035-98DF-BA26736F03B2}.Release|Any CPU.ActiveCfg = Release|Any CPU
		{DC95CC26-7C6E-4035-98DF-BA26736F03B2}.Release|Any CPU.Build.0 = Release|Any CPU
	EndGlobalSection
	GlobalSection(SolutionProperties) = preSolution
		HideSolutionNode = FALSE
	EndGlobalSection
	GlobalSection(ExtensibilityGlobals) = postSolution
		SolutionGuid = {666122B3-25F6-4C51-81B6-A423EA8848F5}
	EndGlobalSection
EndGlobal
